// !$*UTF8*$!
{
	archiveVersion = 1;
	classes = {
	};
	objectVersion = 50;
	objects = {

/* Begin PBXBuildFile section */
		DC88B49720C85CEF00E89DFF /* AppDelegate.swift in Sources */ = {isa = PBXBuildFile; fileRef = DC88B49620C85CEF00E89DFF /* AppDelegate.swift */; };
		DC88B49920C85CEF00E89DFF /* IntroductionVC.swift in Sources */ = {isa = PBXBuildFile; fileRef = DC88B49820C85CEF00E89DFF /* IntroductionVC.swift */; };
		DC88B49C20C85CEF00E89DFF /* Main.storyboard in Resources */ = {isa = PBXBuildFile; fileRef = DC88B49A20C85CEF00E89DFF /* Main.storyboard */; };
		DC88B49E20C85CF000E89DFF /* Assets.xcassets in Resources */ = {isa = PBXBuildFile; fileRef = DC88B49D20C85CF000E89DFF /* Assets.xcassets */; };
		DC88B4A120C85CF000E89DFF /* LaunchScreen.storyboard in Resources */ = {isa = PBXBuildFile; fileRef = DC88B49F20C85CF000E89DFF /* LaunchScreen.storyboard */; };
		DC88B4AB20C8642F00E89DFF /* LoginWithEmailVC.swift in Sources */ = {isa = PBXBuildFile; fileRef = DC88B4AA20C8642F00E89DFF /* LoginWithEmailVC.swift */; };
		DC88B4AD20C8644C00E89DFF /* JournalVC.swift in Sources */ = {isa = PBXBuildFile; fileRef = DC88B4AC20C8644C00E89DFF /* JournalVC.swift */; };
		DC88B4AF20C8648900E89DFF /* SettingsVC.swift in Sources */ = {isa = PBXBuildFile; fileRef = DC88B4AE20C8648900E89DFF /* SettingsVC.swift */; };
		DC88B4B120C864A300E89DFF /* SignupWithEmailVC.swift in Sources */ = {isa = PBXBuildFile; fileRef = DC88B4B020C864A300E89DFF /* SignupWithEmailVC.swift */; };
/* End PBXBuildFile section */

/* Begin PBXFileReference section */
		DC88B49320C85CEF00E89DFF /* Journey.app */ = {isa = PBXFileReference; explicitFileType = wrapper.application; includeInIndex = 0; path = Journey.app; sourceTree = BUILT_PRODUCTS_DIR; };
		DC88B49620C85CEF00E89DFF /* AppDelegate.swift */ = {isa = PBXFileReference; lastKnownFileType = sourcecode.swift; path = AppDelegate.swift; sourceTree = "<group>"; };
		DC88B49820C85CEF00E89DFF /* IntroductionVC.swift */ = {isa = PBXFileReference; lastKnownFileType = sourcecode.swift; path = IntroductionVC.swift; sourceTree = "<group>"; };
		DC88B49B20C85CEF00E89DFF /* Base */ = {isa = PBXFileReference; lastKnownFileType = file.storyboard; name = Base; path = Base.lproj/Main.storyboard; sourceTree = "<group>"; };
		DC88B49D20C85CF000E89DFF /* Assets.xcassets */ = {isa = PBXFileReference; lastKnownFileType = folder.assetcatalog; path = Assets.xcassets; sourceTree = "<group>"; };
		DC88B4A020C85CF000E89DFF /* Base */ = {isa = PBXFileReference; lastKnownFileType = file.storyboard; name = Base; path = Base.lproj/LaunchScreen.storyboard; sourceTree = "<group>"; };
		DC88B4A220C85CF000E89DFF /* Info.plist */ = {isa = PBXFileReference; lastKnownFileType = text.plist.xml; path = Info.plist; sourceTree = "<group>"; };
		DC88B4AA20C8642F00E89DFF /* LoginWithEmailVC.swift */ = {isa = PBXFileReference; lastKnownFileType = sourcecode.swift; path = LoginWithEmailVC.swift; sourceTree = "<group>"; };
		DC88B4AC20C8644C00E89DFF /* JournalVC.swift */ = {isa = PBXFileReference; lastKnownFileType = sourcecode.swift; path = JournalVC.swift; sourceTree = "<group>"; };
		DC88B4AE20C8648900E89DFF /* SettingsVC.swift */ = {isa = PBXFileReference; lastKnownFileType = sourcecode.swift; path = SettingsVC.swift; sourceTree = "<group>"; };
		DC88B4B020C864A300E89DFF /* SignupWithEmailVC.swift */ = {isa = PBXFileReference; lastKnownFileType = sourcecode.swift; path = SignupWithEmailVC.swift; sourceTree = "<group>"; };
/* End PBXFileReference section */

/* Begin PBXFrameworksBuildPhase section */
		DC88B49020C85CEF00E89DFF /* Frameworks */ = {
			isa = PBXFrameworksBuildPhase;
			buildActionMask = 2147483647;
			files = (
			);
			runOnlyForDeploymentPostprocessing = 0;
		};
/* End PBXFrameworksBuildPhase section */

/* Begin PBXGroup section */
		DC88B48A20C85CEF00E89DFF = {
			isa = PBXGroup;
			children = (
				DC88B49520C85CEF00E89DFF /* Journey */,
				DC88B49420C85CEF00E89DFF /* Products */,
			);
			sourceTree = "<group>";
		};
		DC88B49420C85CEF00E89DFF /* Products */ = {
			isa = PBXGroup;
			children = (
				DC88B49320C85CEF00E89DFF /* Journey.app */,
			);
			name = Products;
			sourceTree = "<group>";
		};
		DC88B49520C85CEF00E89DFF /* Journey */ = {
			isa = PBXGroup;
			children = (
				DC88B4A220C85CF000E89DFF /* Info.plist */,
				DC88B49D20C85CF000E89DFF /* Assets.xcassets */,
				DC88B49620C85CEF00E89DFF /* AppDelegate.swift */,
				DC88B4A820C863DC00E89DFF /* Storyboards */,
				DC88B4A920C863E800E89DFF /* ViewControllers */,
			);
			path = Journey;
			sourceTree = "<group>";
		};
		DC88B4A820C863DC00E89DFF /* Storyboards */ = {
			isa = PBXGroup;
			children = (
				DC88B49F20C85CF000E89DFF /* LaunchScreen.storyboard */,
				DC88B49A20C85CEF00E89DFF /* Main.storyboard */,
			);
			path = Storyboards;
			sourceTree = "<group>";
		};
		DC88B4A920C863E800E89DFF /* ViewControllers */ = {
			isa = PBXGroup;
			children = (
				DC88B49820C85CEF00E89DFF /* IntroductionVC.swift */,
				DC88B4AA20C8642F00E89DFF /* LoginWithEmailVC.swift */,
				DC88B4B020C864A300E89DFF /* SignupWithEmailVC.swift */,
				DC88B4AC20C8644C00E89DFF /* JournalVC.swift */,
				DC88B4AE20C8648900E89DFF /* SettingsVC.swift */,
			);
			path = ViewControllers;
			sourceTree = "<group>";
		};
/* End PBXGroup section */

/* Begin PBXNativeTarget section */
		DC88B49220C85CEF00E89DFF /* Journey */ = {
			isa = PBXNativeTarget;
			buildConfigurationList = DC88B4A520C85CF000E89DFF /* Build configuration list for PBXNativeTarget "Journey" */;
			buildPhases = (
				DC88B48F20C85CEF00E89DFF /* Sources */,
				DC88B49020C85CEF00E89DFF /* Frameworks */,
				DC88B49120C85CEF00E89DFF /* Resources */,
			);
			buildRules = (
			);
			dependencies = (
			);
			name = Journey;
			productName = Journey;
			productReference = DC88B49320C85CEF00E89DFF /* Journey.app */;
			productType = "com.apple.product-type.application";
		};
/* End PBXNativeTarget section */

/* Begin PBXProject section */
		DC88B48B20C85CEF00E89DFF /* Project object */ = {
			isa = PBXProject;
			attributes = {
				LastSwiftUpdateCheck = 0940;
				LastUpgradeCheck = 0940;
				ORGANIZATIONNAME = "Samuel Beaulieu";
				TargetAttributes = {
					DC88B49220C85CEF00E89DFF = {
						CreatedOnToolsVersion = 9.4;
					};
				};
			};
			buildConfigurationList = DC88B48E20C85CEF00E89DFF /* Build configuration list for PBXProject "Journey" */;
			compatibilityVersion = "Xcode 9.3";
			developmentRegion = en;
			hasScannedForEncodings = 0;
			knownRegions = (
				en,
				Base,
			);
			mainGroup = DC88B48A20C85CEF00E89DFF;
			productRefGroup = DC88B49420C85CEF00E89DFF /* Products */;
			projectDirPath = "";
			projectRoot = "";
			targets = (
				DC88B49220C85CEF00E89DFF /* Journey */,
			);
		};
/* End PBXProject section */

/* Begin PBXResourcesBuildPhase section */
		DC88B49120C85CEF00E89DFF /* Resources */ = {
			isa = PBXResourcesBuildPhase;
			buildActionMask = 2147483647;
			files = (
				DC88B4A120C85CF000E89DFF /* LaunchScreen.storyboard in Resources */,
				DC88B49E20C85CF000E89DFF /* Assets.xcassets in Resources */,
				DC88B49C20C85CEF00E89DFF /* Main.storyboard in Resources */,
			);
			runOnlyForDeploymentPostprocessing = 0;
		};
/* End PBXResourcesBuildPhase section */

/* Begin PBXSourcesBuildPhase section */
		DC88B48F20C85CEF00E89DFF /* Sources */ = {
			isa = PBXSourcesBuildPhase;
			buildActionMask = 2147483647;
			files = (
				DC88B4AB20C8642F00E89DFF /* LoginWithEmailVC.swift in Sources */,
				DC88B4B120C864A300E89DFF /* SignupWithEmailVC.swift in Sources */,
				DC88B49920C85CEF00E89DFF /* IntroductionVC.swift in Sources */,
				DC88B4AD20C8644C00E89DFF /* JournalVC.swift in Sources */,
				DC88B49720C85CEF00E89DFF /* AppDelegate.swift in Sources */,
				DC88B4AF20C8648900E89DFF /* SettingsVC.swift in Sources */,
			);
			runOnlyForDeploymentPostprocessing = 0;
		};
/* End PBXSourcesBuildPhase section */

/* Begin PBXVariantGroup section */
		DC88B49A20C85CEF00E89DFF /* Main.storyboard */ = {
			isa = PBXVariantGroup;
			children = (
				DC88B49B20C85CEF00E89DFF /* Base */,
			);
			name = Main.storyboard;
			sourceTree = "<group>";
		};
		DC88B49F20C85CF000E89DFF /* LaunchScreen.storyboard */ = {
			isa = PBXVariantGroup;
			children = (
				DC88B4A020C85CF000E89DFF /* Base */,
			);
			name = LaunchScreen.storyboard;
			sourceTree = "<group>";
		};
/* End PBXVariantGroup section */

/* Begin XCBuildConfiguration section */
		DC88B4A320C85CF000E89DFF /* Debug */ = {
			isa = XCBuildConfiguration;
			buildSettings = {
				ALWAYS_SEARCH_USER_PATHS = NO;
				CLANG_ANALYZER_NONNULL = YES;
				CLANG_ANALYZER_NUMBER_OBJECT_CONVERSION = YES_AGGRESSIVE;
				CLANG_CXX_LANGUAGE_STANDARD = "gnu++14";
				CLANG_CXX_LIBRARY = "libc++";
				CLANG_ENABLE_MODULES = YES;
				CLANG_ENABLE_OBJC_ARC = YES;
				CLANG_ENABLE_OBJC_WEAK = YES;
				CLANG_WARN_BLOCK_CAPTURE_AUTORELEASING = YES;
				CLANG_WARN_BOOL_CONVERSION = YES;
				CLANG_WARN_COMMA = YES;
				CLANG_WARN_CONSTANT_CONVERSION = YES;
				CLANG_WARN_DEPRECATED_OBJC_IMPLEMENTATIONS = YES;
				CLANG_WARN_DIRECT_OBJC_ISA_USAGE = YES_ERROR;
				CLANG_WARN_DOCUMENTATION_COMMENTS = YES;
				CLANG_WARN_EMPTY_BODY = YES;
				CLANG_WARN_ENUM_CONVERSION = YES;
				CLANG_WARN_INFINITE_RECURSION = YES;
				CLANG_WARN_INT_CONVERSION = YES;
				CLANG_WARN_NON_LITERAL_NULL_CONVERSION = YES;
				CLANG_WARN_OBJC_IMPLICIT_RETAIN_SELF = YES;
				CLANG_WARN_OBJC_LITERAL_CONVERSION = YES;
				CLANG_WARN_OBJC_ROOT_CLASS = YES_ERROR;
				CLANG_WARN_RANGE_LOOP_ANALYSIS = YES;
				CLANG_WARN_STRICT_PROTOTYPES = YES;
				CLANG_WARN_SUSPICIOUS_MOVE = YES;
				CLANG_WARN_UNGUARDED_AVAILABILITY = YES_AGGRESSIVE;
				CLANG_WARN_UNREACHABLE_CODE = YES;
				CLANG_WARN__DUPLICATE_METHOD_MATCH = YES;
				CODE_SIGN_IDENTITY = "iPhone Developer";
				COPY_PHASE_STRIP = NO;
				DEBUG_INFORMATION_FORMAT = dwarf;
				ENABLE_STRICT_OBJC_MSGSEND = YES;
				ENABLE_TESTABILITY = YES;
				GCC_C_LANGUAGE_STANDARD = gnu11;
				GCC_DYNAMIC_NO_PIC = NO;
				GCC_NO_COMMON_BLOCKS = YES;
				GCC_OPTIMIZATION_LEVEL = 0;
				GCC_PREPROCESSOR_DEFINITIONS = (
					"DEBUG=1",
					"$(inherited)",
				);
				GCC_WARN_64_TO_32_BIT_CONVERSION = YES;
				GCC_WARN_ABOUT_RETURN_TYPE = YES_ERROR;
				GCC_WARN_UNDECLARED_SELECTOR = YES;
				GCC_WARN_UNINITIALIZED_AUTOS = YES_AGGRESSIVE;
				GCC_WARN_UNUSED_FUNCTION = YES;
				GCC_WARN_UNUSED_VARIABLE = YES;
				IPHONEOS_DEPLOYMENT_TARGET = 11.4;
				MTL_ENABLE_DEBUG_INFO = YES;
				ONLY_ACTIVE_ARCH = YES;
				SDKROOT = iphoneos;
				SWIFT_ACTIVE_COMPILATION_CONDITIONS = DEBUG;
				SWIFT_OPTIMIZATION_LEVEL = "-Onone";
			};
			name = Debug;
		};
		DC88B4A420C85CF000E89DFF /* Release */ = {
			isa = XCBuildConfiguration;
			buildSettings = {
				ALWAYS_SEARCH_USER_PATHS = NO;
				CLANG_ANALYZER_NONNULL = YES;
				CLANG_ANALYZER_NUMBER_OBJECT_CONVERSION = YES_AGGRESSIVE;
				CLANG_CXX_LANGUAGE_STANDARD = "gnu++14";
				CLANG_CXX_LIBRARY = "libc++";
				CLANG_ENABLE_MODULES = YES;
				CLANG_ENABLE_OBJC_ARC = YES;
				CLANG_ENABLE_OBJC_WEAK = YES;
				CLANG_WARN_BLOCK_CAPTURE_AUTORELEASING = YES;
				CLANG_WARN_BOOL_CONVERSION = YES;
				CLANG_WARN_COMMA = YES;
				CLANG_WARN_CONSTANT_CONVERSION = YES;
				CLANG_WARN_DEPRECATED_OBJC_IMPLEMENTATIONS = YES;
				CLANG_WARN_DIRECT_OBJC_ISA_USAGE = YES_ERROR;
				CLANG_WARN_DOCUMENTATION_COMMENTS = YES;
				CLANG_WARN_EMPTY_BODY = YES;
				CLANG_WARN_ENUM_CONVERSION = YES;
				CLANG_WARN_INFINITE_RECURSION = YES;
				CLANG_WARN_INT_CONVERSION = YES;
				CLANG_WARN_NON_LITERAL_NULL_CONVERSION = YES;
				CLANG_WARN_OBJC_IMPLICIT_RETAIN_SELF = YES;
				CLANG_WARN_OBJC_LITERAL_CONVERSION = YES;
				CLANG_WARN_OBJC_ROOT_CLASS = YES_ERROR;
				CLANG_WARN_RANGE_LOOP_ANALYSIS = YES;
				CLANG_WARN_STRICT_PROTOTYPES = YES;
				CLANG_WARN_SUSPICIOUS_MOVE = YES;
				CLANG_WARN_UNGUARDED_AVAILABILITY = YES_AGGRESSIVE;
				CLANG_WARN_UNREACHABLE_CODE = YES;
				CLANG_WARN__DUPLICATE_METHOD_MATCH = YES;
				CODE_SIGN_IDENTITY = "iPhone Developer";
				COPY_PHASE_STRIP = NO;
				DEBUG_INFORMATION_FORMAT = "dwarf-with-dsym";
				ENABLE_NS_ASSERTIONS = NO;
				ENABLE_STRICT_OBJC_MSGSEND = YES;
				GCC_C_LANGUAGE_STANDARD = gnu11;
				GCC_NO_COMMON_BLOCKS = YES;
				GCC_WARN_64_TO_32_BIT_CONVERSION = YES;
				GCC_WARN_ABOUT_RETURN_TYPE = YES_ERROR;
				GCC_WARN_UNDECLARED_SELECTOR = YES;
				GCC_WARN_UNINITIALIZED_AUTOS = YES_AGGRESSIVE;
				GCC_WARN_UNUSED_FUNCTION = YES;
				GCC_WARN_UNUSED_VARIABLE = YES;
				IPHONEOS_DEPLOYMENT_TARGET = 11.4;
				MTL_ENABLE_DEBUG_INFO = NO;
				SDKROOT = iphoneos;
				SWIFT_COMPILATION_MODE = wholemodule;
				SWIFT_OPTIMIZATION_LEVEL = "-O";
				VALIDATE_PRODUCT = YES;
			};
			name = Release;
		};
		DC88B4A620C85CF000E89DFF /* Debug */ = {
			isa = XCBuildConfiguration;
			buildSettings = {
				ASSETCATALOG_COMPILER_APPICON_NAME = AppIcon;
				CODE_SIGN_STYLE = Automatic;
				DEVELOPMENT_TEAM = Q4VWK733SP;
				INFOPLIST_FILE = Journey/Info.plist;
				LD_RUNPATH_SEARCH_PATHS = (
					"$(inherited)",
					"@executable_path/Frameworks",
				);
				PRODUCT_BUNDLE_IDENTIFIER = ca.samuelbeaulieu.journey;
				PRODUCT_NAME = "$(TARGET_NAME)";
				SWIFT_VERSION = 4.0;
				TARGETED_DEVICE_FAMILY = 1;
			};
			name = Debug;
		};
		DC88B4A720C85CF000E89DFF /* Release */ = {
			isa = XCBuildConfiguration;
			buildSettings = {
				ASSETCATALOG_COMPILER_APPICON_NAME = AppIcon;
				CODE_SIGN_STYLE = Automatic;
				DEVELOPMENT_TEAM = Q4VWK733SP;
				INFOPLIST_FILE = Journey/Info.plist;
				LD_RUNPATH_SEARCH_PATHS = (
					"$(inherited)",
					"@executable_path/Frameworks",
				);
				PRODUCT_BUNDLE_IDENTIFIER = ca.samuelbeaulieu.journey;
				PRODUCT_NAME = "$(TARGET_NAME)";
				SWIFT_VERSION = 4.0;
				TARGETED_DEVICE_FAMILY = 1;
			};
			name = Release;
		};
/* End XCBuildConfiguration section */

/* Begin XCConfigurationList section */
		DC88B48E20C85CEF00E89DFF /* Build configuration list for PBXProject "Journey" */ = {
			isa = XCConfigurationList;
			buildConfigurations = (
				DC88B4A320C85CF000E89DFF /* Debug */,
				DC88B4A420C85CF000E89DFF /* Release */,
			);
			defaultConfigurationIsVisible = 0;
			defaultConfigurationName = Release;
		};
		DC88B4A520C85CF000E89DFF /* Build configuration list for PBXNativeTarget "Journey" */ = {
			isa = XCConfigurationList;
			buildConfigurations = (
				DC88B4A620C85CF000E89DFF /* Debug */,
				DC88B4A720C85CF000E89DFF /* Release */,
			);
			defaultConfigurationIsVisible = 0;
			defaultConfigurationName = Release;
		};
/* End XCConfigurationList section */
	};
	rootObject = DC88B48B20C85CEF00E89DFF /* Project object */;
}
