// !$*UTF8*$!
{
	archiveVersion = 1;
	classes = {
	};
	objectVersion = 50;
	objects = {

/* Begin PBXBuildFile section */
		DC7AEB6020CB4CF900BD2A00 /* AppDelegate.swift in Sources */ = {isa = PBXBuildFile; fileRef = DC7AEB5F20CB4CF900BD2A00 /* AppDelegate.swift */; };
		DC7AEB6520CB4CF900BD2A00 /* Main.storyboard in Resources */ = {isa = PBXBuildFile; fileRef = DC7AEB6320CB4CF900BD2A00 /* Main.storyboard */; };
		DC7AEB6720CB4CFB00BD2A00 /* Assets.xcassets in Resources */ = {isa = PBXBuildFile; fileRef = DC7AEB6620CB4CFB00BD2A00 /* Assets.xcassets */; };
		DC7AEB6A20CB4CFB00BD2A00 /* LaunchScreen.storyboard in Resources */ = {isa = PBXBuildFile; fileRef = DC7AEB6820CB4CFB00BD2A00 /* LaunchScreen.storyboard */; };
		DC7AEB7620CB4F9000BD2A00 /* IntroductionVC.swift in Sources */ = {isa = PBXBuildFile; fileRef = DC7AEB7520CB4F9000BD2A00 /* IntroductionVC.swift */; };
		DC7AEB7820CB4FDF00BD2A00 /* JournalTVC.swift in Sources */ = {isa = PBXBuildFile; fileRef = DC7AEB7720CB4FDF00BD2A00 /* JournalTVC.swift */; };
		DC7AEB7A20CB508700BD2A00 /* LoginWithEmailVC.swift in Sources */ = {isa = PBXBuildFile; fileRef = DC7AEB7920CB508700BD2A00 /* LoginWithEmailVC.swift */; };
		DC7AEB7C20CB50C100BD2A00 /* RegisterWithEmailVC.swift in Sources */ = {isa = PBXBuildFile; fileRef = DC7AEB7B20CB50C100BD2A00 /* RegisterWithEmailVC.swift */; };
		DC7AEB7E20CB50D600BD2A00 /* SettingsVC.swift in Sources */ = {isa = PBXBuildFile; fileRef = DC7AEB7D20CB50D600BD2A00 /* SettingsVC.swift */; };
		DC7AEB8020CB50FA00BD2A00 /* PostVC.swift in Sources */ = {isa = PBXBuildFile; fileRef = DC7AEB7F20CB50FA00BD2A00 /* PostVC.swift */; };
/* End PBXBuildFile section */

/* Begin PBXFileReference section */
		DC7AEB5C20CB4CF900BD2A00 /* Journey.app */ = {isa = PBXFileReference; explicitFileType = wrapper.application; includeInIndex = 0; path = Journey.app; sourceTree = BUILT_PRODUCTS_DIR; };
		DC7AEB5F20CB4CF900BD2A00 /* AppDelegate.swift */ = {isa = PBXFileReference; lastKnownFileType = sourcecode.swift; path = AppDelegate.swift; sourceTree = "<group>"; };
		DC7AEB6420CB4CF900BD2A00 /* Base */ = {isa = PBXFileReference; lastKnownFileType = file.storyboard; name = Base; path = Base.lproj/Main.storyboard; sourceTree = "<group>"; };
		DC7AEB6620CB4CFB00BD2A00 /* Assets.xcassets */ = {isa = PBXFileReference; lastKnownFileType = folder.assetcatalog; path = Assets.xcassets; sourceTree = "<group>"; };
		DC7AEB6920CB4CFB00BD2A00 /* Base */ = {isa = PBXFileReference; lastKnownFileType = file.storyboard; name = Base; path = Base.lproj/LaunchScreen.storyboard; sourceTree = "<group>"; };
		DC7AEB6B20CB4CFB00BD2A00 /* Info.plist */ = {isa = PBXFileReference; lastKnownFileType = text.plist.xml; path = Info.plist; sourceTree = "<group>"; };
		DC7AEB7520CB4F9000BD2A00 /* IntroductionVC.swift */ = {isa = PBXFileReference; lastKnownFileType = sourcecode.swift; path = IntroductionVC.swift; sourceTree = "<group>"; };
		DC7AEB7720CB4FDF00BD2A00 /* JournalTVC.swift */ = {isa = PBXFileReference; lastKnownFileType = sourcecode.swift; path = JournalTVC.swift; sourceTree = "<group>"; };
		DC7AEB7920CB508700BD2A00 /* LoginWithEmailVC.swift */ = {isa = PBXFileReference; lastKnownFileType = sourcecode.swift; path = LoginWithEmailVC.swift; sourceTree = "<group>"; };
		DC7AEB7B20CB50C100BD2A00 /* RegisterWithEmailVC.swift */ = {isa = PBXFileReference; lastKnownFileType = sourcecode.swift; path = RegisterWithEmailVC.swift; sourceTree = "<group>"; };
		DC7AEB7D20CB50D600BD2A00 /* SettingsVC.swift */ = {isa = PBXFileReference; lastKnownFileType = sourcecode.swift; path = SettingsVC.swift; sourceTree = "<group>"; };
		DC7AEB7F20CB50FA00BD2A00 /* PostVC.swift */ = {isa = PBXFileReference; lastKnownFileType = sourcecode.swift; path = PostVC.swift; sourceTree = "<group>"; };
/* End PBXFileReference section */

/* Begin PBXFrameworksBuildPhase section */
		DC7AEB5920CB4CF900BD2A00 /* Frameworks */ = {
			isa = PBXFrameworksBuildPhase;
			buildActionMask = 2147483647;
			files = (
			);
			runOnlyForDeploymentPostprocessing = 0;
		};
/* End PBXFrameworksBuildPhase section */

/* Begin PBXGroup section */
		DC7AEB5320CB4CF900BD2A00 = {
			isa = PBXGroup;
			children = (
				DC7AEB5E20CB4CF900BD2A00 /* Journey */,
				DC7AEB5D20CB4CF900BD2A00 /* Products */,
			);
			sourceTree = "<group>";
		};
		DC7AEB5D20CB4CF900BD2A00 /* Products */ = {
			isa = PBXGroup;
			children = (
				DC7AEB5C20CB4CF900BD2A00 /* Journey.app */,
			);
			name = Products;
			sourceTree = "<group>";
		};
		DC7AEB5E20CB4CF900BD2A00 /* Journey */ = {
			isa = PBXGroup;
			children = (
				DC7AEB6B20CB4CFB00BD2A00 /* Info.plist */,
				DC7AEB6620CB4CFB00BD2A00 /* Assets.xcassets */,
				DC7AEB7120CB4E6B00BD2A00 /* Storyboard */,
				DC7AEB5F20CB4CF900BD2A00 /* AppDelegate.swift */,
				DC7AEB7420CB4F4A00BD2A00 /* ViewController */,
			);
			path = Journey;
			sourceTree = "<group>";
		};
		DC7AEB7120CB4E6B00BD2A00 /* Storyboard */ = {
			isa = PBXGroup;
			children = (
				DC7AEB6820CB4CFB00BD2A00 /* LaunchScreen.storyboard */,
				DC7AEB6320CB4CF900BD2A00 /* Main.storyboard */,
			);
			path = Storyboard;
			sourceTree = "<group>";
		};
		DC7AEB7420CB4F4A00BD2A00 /* ViewController */ = {
			isa = PBXGroup;
			children = (
				DC7AEB7520CB4F9000BD2A00 /* IntroductionVC.swift */,
				DC7AEB7920CB508700BD2A00 /* LoginWithEmailVC.swift */,
				DC7AEB7B20CB50C100BD2A00 /* RegisterWithEmailVC.swift */,
				DC7AEB7720CB4FDF00BD2A00 /* JournalTVC.swift */,
				DC7AEB7F20CB50FA00BD2A00 /* PostVC.swift */,
				DC7AEB7D20CB50D600BD2A00 /* SettingsVC.swift */,
			);
			path = ViewController;
			sourceTree = "<group>";
		};
/* End PBXGroup section */

/* Begin PBXNativeTarget section */
		DC7AEB5B20CB4CF900BD2A00 /* Journey */ = {
			isa = PBXNativeTarget;
			buildConfigurationList = DC7AEB6E20CB4CFB00BD2A00 /* Build configuration list for PBXNativeTarget "Journey" */;
			buildPhases = (
				DC7AEB5820CB4CF900BD2A00 /* Sources */,
				DC7AEB5920CB4CF900BD2A00 /* Frameworks */,
				DC7AEB5A20CB4CF900BD2A00 /* Resources */,
			);
			buildRules = (
			);
			dependencies = (
			);
			name = Journey;
			productName = Journey;
			productReference = DC7AEB5C20CB4CF900BD2A00 /* Journey.app */;
			productType = "com.apple.product-type.application";
		};
/* End PBXNativeTarget section */

/* Begin PBXProject section */
		DC7AEB5420CB4CF900BD2A00 /* Project object */ = {
			isa = PBXProject;
			attributes = {
				LastSwiftUpdateCheck = 0940;
				LastUpgradeCheck = 0940;
				ORGANIZATIONNAME = "Samuel Beaulieu";
				TargetAttributes = {
					DC7AEB5B20CB4CF900BD2A00 = {
						CreatedOnToolsVersion = 9.4;
					};
				};
			};
			buildConfigurationList = DC7AEB5720CB4CF900BD2A00 /* Build configuration list for PBXProject "Journey" */;
			compatibilityVersion = "Xcode 9.3";
			developmentRegion = en;
			hasScannedForEncodings = 0;
			knownRegions = (
				en,
				Base,
			);
			mainGroup = DC7AEB5320CB4CF900BD2A00;
			productRefGroup = DC7AEB5D20CB4CF900BD2A00 /* Products */;
			projectDirPath = "";
			projectRoot = "";
			targets = (
				DC7AEB5B20CB4CF900BD2A00 /* Journey */,
			);
		};
/* End PBXProject section */

/* Begin PBXResourcesBuildPhase section */
		DC7AEB5A20CB4CF900BD2A00 /* Resources */ = {
			isa = PBXResourcesBuildPhase;
			buildActionMask = 2147483647;
			files = (
				DC7AEB6A20CB4CFB00BD2A00 /* LaunchScreen.storyboard in Resources */,
				DC7AEB6720CB4CFB00BD2A00 /* Assets.xcassets in Resources */,
				DC7AEB6520CB4CF900BD2A00 /* Main.storyboard in Resources */,
			);
			runOnlyForDeploymentPostprocessing = 0;
		};
/* End PBXResourcesBuildPhase section */

/* Begin PBXSourcesBuildPhase section */
		DC7AEB5820CB4CF900BD2A00 /* Sources */ = {
			isa = PBXSourcesBuildPhase;
			buildActionMask = 2147483647;
			files = (
				DC7AEB7620CB4F9000BD2A00 /* IntroductionVC.swift in Sources */,
				DC7AEB7820CB4FDF00BD2A00 /* JournalTVC.swift in Sources */,
				DC7AEB6020CB4CF900BD2A00 /* AppDelegate.swift in Sources */,
				DC7AEB7A20CB508700BD2A00 /* LoginWithEmailVC.swift in Sources */,
				DC7AEB8020CB50FA00BD2A00 /* PostVC.swift in Sources */,
				DC7AEB7C20CB50C100BD2A00 /* RegisterWithEmailVC.swift in Sources */,
				DC7AEB7E20CB50D600BD2A00 /* SettingsVC.swift in Sources */,
			);
			runOnlyForDeploymentPostprocessing = 0;
		};
/* End PBXSourcesBuildPhase section */

/* Begin PBXVariantGroup section */
		DC7AEB6320CB4CF900BD2A00 /* Main.storyboard */ = {
			isa = PBXVariantGroup;
			children = (
				DC7AEB6420CB4CF900BD2A00 /* Base */,
			);
			name = Main.storyboard;
			sourceTree = "<group>";
		};
		DC7AEB6820CB4CFB00BD2A00 /* LaunchScreen.storyboard */ = {
			isa = PBXVariantGroup;
			children = (
				DC7AEB6920CB4CFB00BD2A00 /* Base */,
			);
			name = LaunchScreen.storyboard;
			sourceTree = "<group>";
		};
/* End PBXVariantGroup section */

/* Begin XCBuildConfiguration section */
		DC7AEB6C20CB4CFB00BD2A00 /* Debug */ = {
			isa = XCBuildConfiguration;
			buildSettings = {
				ALWAYS_SEARCH_USER_PATHS = NO;
				CLANG_ANALYZER_NONNULL = YES;
				CLANG_ANALYZER_NUMBER_OBJECT_CONVERSION = YES_AGGRESSIVE;
				CLANG_CXX_LANGUAGE_STANDARD = "gnu++14";
				CLANG_CXX_LIBRARY = "libc++";
				CLANG_ENABLE_MODULES = YES;
				CLANG_ENABLE_OBJC_ARC = YES;
				CLANG_ENABLE_OBJC_WEAK = YES;
				CLANG_WARN_BLOCK_CAPTURE_AUTORELEASING = YES;
				CLANG_WARN_BOOL_CONVERSION = YES;
				CLANG_WARN_COMMA = YES;
				CLANG_WARN_CONSTANT_CONVERSION = YES;
				CLANG_WARN_DEPRECATED_OBJC_IMPLEMENTATIONS = YES;
				CLANG_WARN_DIRECT_OBJC_ISA_USAGE = YES_ERROR;
				CLANG_WARN_DOCUMENTATION_COMMENTS = YES;
				CLANG_WARN_EMPTY_BODY = YES;
				CLANG_WARN_ENUM_CONVERSION = YES;
				CLANG_WARN_INFINITE_RECURSION = YES;
				CLANG_WARN_INT_CONVERSION = YES;
				CLANG_WARN_NON_LITERAL_NULL_CONVERSION = YES;
				CLANG_WARN_OBJC_IMPLICIT_RETAIN_SELF = YES;
				CLANG_WARN_OBJC_LITERAL_CONVERSION = YES;
				CLANG_WARN_OBJC_ROOT_CLASS = YES_ERROR;
				CLANG_WARN_RANGE_LOOP_ANALYSIS = YES;
				CLANG_WARN_STRICT_PROTOTYPES = YES;
				CLANG_WARN_SUSPICIOUS_MOVE = YES;
				CLANG_WARN_UNGUARDED_AVAILABILITY = YES_AGGRESSIVE;
				CLANG_WARN_UNREACHABLE_CODE = YES;
				CLANG_WARN__DUPLICATE_METHOD_MATCH = YES;
				CODE_SIGN_IDENTITY = "iPhone Developer";
				COPY_PHASE_STRIP = NO;
				DEBUG_INFORMATION_FORMAT = dwarf;
				ENABLE_STRICT_OBJC_MSGSEND = YES;
				ENABLE_TESTABILITY = YES;
				GCC_C_LANGUAGE_STANDARD = gnu11;
				GCC_DYNAMIC_NO_PIC = NO;
				GCC_NO_COMMON_BLOCKS = YES;
				GCC_OPTIMIZATION_LEVEL = 0;
				GCC_PREPROCESSOR_DEFINITIONS = (
					"DEBUG=1",
					"$(inherited)",
				);
				GCC_WARN_64_TO_32_BIT_CONVERSION = YES;
				GCC_WARN_ABOUT_RETURN_TYPE = YES_ERROR;
				GCC_WARN_UNDECLARED_SELECTOR = YES;
				GCC_WARN_UNINITIALIZED_AUTOS = YES_AGGRESSIVE;
				GCC_WARN_UNUSED_FUNCTION = YES;
				GCC_WARN_UNUSED_VARIABLE = YES;
				IPHONEOS_DEPLOYMENT_TARGET = 11.4;
				MTL_ENABLE_DEBUG_INFO = YES;
				ONLY_ACTIVE_ARCH = YES;
				SDKROOT = iphoneos;
				SWIFT_ACTIVE_COMPILATION_CONDITIONS = DEBUG;
				SWIFT_OPTIMIZATION_LEVEL = "-Onone";
			};
			name = Debug;
		};
		DC7AEB6D20CB4CFB00BD2A00 /* Release */ = {
			isa = XCBuildConfiguration;
			buildSettings = {
				ALWAYS_SEARCH_USER_PATHS = NO;
				CLANG_ANALYZER_NONNULL = YES;
				CLANG_ANALYZER_NUMBER_OBJECT_CONVERSION = YES_AGGRESSIVE;
				CLANG_CXX_LANGUAGE_STANDARD = "gnu++14";
				CLANG_CXX_LIBRARY = "libc++";
				CLANG_ENABLE_MODULES = YES;
				CLANG_ENABLE_OBJC_ARC = YES;
				CLANG_ENABLE_OBJC_WEAK = YES;
				CLANG_WARN_BLOCK_CAPTURE_AUTORELEASING = YES;
				CLANG_WARN_BOOL_CONVERSION = YES;
				CLANG_WARN_COMMA = YES;
				CLANG_WARN_CONSTANT_CONVERSION = YES;
				CLANG_WARN_DEPRECATED_OBJC_IMPLEMENTATIONS = YES;
				CLANG_WARN_DIRECT_OBJC_ISA_USAGE = YES_ERROR;
				CLANG_WARN_DOCUMENTATION_COMMENTS = YES;
				CLANG_WARN_EMPTY_BODY = YES;
				CLANG_WARN_ENUM_CONVERSION = YES;
				CLANG_WARN_INFINITE_RECURSION = YES;
				CLANG_WARN_INT_CONVERSION = YES;
				CLANG_WARN_NON_LITERAL_NULL_CONVERSION = YES;
				CLANG_WARN_OBJC_IMPLICIT_RETAIN_SELF = YES;
				CLANG_WARN_OBJC_LITERAL_CONVERSION = YES;
				CLANG_WARN_OBJC_ROOT_CLASS = YES_ERROR;
				CLANG_WARN_RANGE_LOOP_ANALYSIS = YES;
				CLANG_WARN_STRICT_PROTOTYPES = YES;
				CLANG_WARN_SUSPICIOUS_MOVE = YES;
				CLANG_WARN_UNGUARDED_AVAILABILITY = YES_AGGRESSIVE;
				CLANG_WARN_UNREACHABLE_CODE = YES;
				CLANG_WARN__DUPLICATE_METHOD_MATCH = YES;
				CODE_SIGN_IDENTITY = "iPhone Developer";
				COPY_PHASE_STRIP = NO;
				DEBUG_INFORMATION_FORMAT = "dwarf-with-dsym";
				ENABLE_NS_ASSERTIONS = NO;
				ENABLE_STRICT_OBJC_MSGSEND = YES;
				GCC_C_LANGUAGE_STANDARD = gnu11;
				GCC_NO_COMMON_BLOCKS = YES;
				GCC_WARN_64_TO_32_BIT_CONVERSION = YES;
				GCC_WARN_ABOUT_RETURN_TYPE = YES_ERROR;
				GCC_WARN_UNDECLARED_SELECTOR = YES;
				GCC_WARN_UNINITIALIZED_AUTOS = YES_AGGRESSIVE;
				GCC_WARN_UNUSED_FUNCTION = YES;
				GCC_WARN_UNUSED_VARIABLE = YES;
				IPHONEOS_DEPLOYMENT_TARGET = 11.4;
				MTL_ENABLE_DEBUG_INFO = NO;
				SDKROOT = iphoneos;
				SWIFT_COMPILATION_MODE = wholemodule;
				SWIFT_OPTIMIZATION_LEVEL = "-O";
				VALIDATE_PRODUCT = YES;
			};
			name = Release;
		};
		DC7AEB6F20CB4CFB00BD2A00 /* Debug */ = {
			isa = XCBuildConfiguration;
			buildSettings = {
				ASSETCATALOG_COMPILER_APPICON_NAME = AppIcon;
				CODE_SIGN_STYLE = Automatic;
				DEVELOPMENT_TEAM = Q4VWK733SP;
				INFOPLIST_FILE = Journey/Info.plist;
				LD_RUNPATH_SEARCH_PATHS = (
					"$(inherited)",
					"@executable_path/Frameworks",
				);
				PRODUCT_BUNDLE_IDENTIFIER = ca.samuelbeaulieu.journey;
				PRODUCT_NAME = "$(TARGET_NAME)";
				SWIFT_VERSION = 4.0;
				TARGETED_DEVICE_FAMILY = 1;
			};
			name = Debug;
		};
		DC7AEB7020CB4CFB00BD2A00 /* Release */ = {
			isa = XCBuildConfiguration;
			buildSettings = {
				ASSETCATALOG_COMPILER_APPICON_NAME = AppIcon;
				CODE_SIGN_STYLE = Automatic;
				DEVELOPMENT_TEAM = Q4VWK733SP;
				INFOPLIST_FILE = Journey/Info.plist;
				LD_RUNPATH_SEARCH_PATHS = (
					"$(inherited)",
					"@executable_path/Frameworks",
				);
				PRODUCT_BUNDLE_IDENTIFIER = ca.samuelbeaulieu.journey;
				PRODUCT_NAME = "$(TARGET_NAME)";
				SWIFT_VERSION = 4.0;
				TARGETED_DEVICE_FAMILY = 1;
			};
			name = Release;
		};
/* End XCBuildConfiguration section */

/* Begin XCConfigurationList section */
		DC7AEB5720CB4CF900BD2A00 /* Build configuration list for PBXProject "Journey" */ = {
			isa = XCConfigurationList;
			buildConfigurations = (
				DC7AEB6C20CB4CFB00BD2A00 /* Debug */,
				DC7AEB6D20CB4CFB00BD2A00 /* Release */,
			);
			defaultConfigurationIsVisible = 0;
			defaultConfigurationName = Release;
		};
		DC7AEB6E20CB4CFB00BD2A00 /* Build configuration list for PBXNativeTarget "Journey" */ = {
			isa = XCConfigurationList;
			buildConfigurations = (
				DC7AEB6F20CB4CFB00BD2A00 /* Debug */,
				DC7AEB7020CB4CFB00BD2A00 /* Release */,
			);
			defaultConfigurationIsVisible = 0;
			defaultConfigurationName = Release;
		};
/* End XCConfigurationList section */
	};
	rootObject = DC7AEB5420CB4CF900BD2A00 /* Project object */;
}
