// !$*UTF8*$!
{
	archiveVersion = 1;
	classes = {
	};
	objectVersion = 50;
	objects = {

/* Begin PBXBuildFile section */
		DC64D9F620B73FAD00DBA7AB /* AppDelegate.swift in Sources */ = {isa = PBXBuildFile; fileRef = DC64D9F520B73FAD00DBA7AB /* AppDelegate.swift */; };
		DC64D9FB20B73FAD00DBA7AB /* Main.storyboard in Resources */ = {isa = PBXBuildFile; fileRef = DC64D9F920B73FAD00DBA7AB /* Main.storyboard */; };
		DC64D9FE20B73FAD00DBA7AB /* Journey.xcdatamodeld in Sources */ = {isa = PBXBuildFile; fileRef = DC64D9FC20B73FAD00DBA7AB /* Journey.xcdatamodeld */; };
		DC64DA0020B73FAE00DBA7AB /* Assets.xcassets in Resources */ = {isa = PBXBuildFile; fileRef = DC64D9FF20B73FAE00DBA7AB /* Assets.xcassets */; };
		DC64DA0320B73FAE00DBA7AB /* LaunchScreen.storyboard in Resources */ = {isa = PBXBuildFile; fileRef = DC64DA0120B73FAE00DBA7AB /* LaunchScreen.storyboard */; };
		DC91EB4C20B849B700CC31B8 /* IntroductionVC.swift in Sources */ = {isa = PBXBuildFile; fileRef = DC91EB4B20B849B700CC31B8 /* IntroductionVC.swift */; };
		DC91EB4E20B849CC00CC31B8 /* LoginWithEmailVC.swift in Sources */ = {isa = PBXBuildFile; fileRef = DC91EB4D20B849CC00CC31B8 /* LoginWithEmailVC.swift */; };
		DC91EB5420B8932C00CC31B8 /* JournalVC.swift in Sources */ = {isa = PBXBuildFile; fileRef = DC91EB5320B8932C00CC31B8 /* JournalVC.swift */; };
		DCC1CA8020BC73C700D76A65 /* NewUserVC.swift in Sources */ = {isa = PBXBuildFile; fileRef = DCC1CA7F20BC73C700D76A65 /* NewUserVC.swift */; };
		DCF9BA9B20C47C05003C6D04 /* SettingsVC.swift in Sources */ = {isa = PBXBuildFile; fileRef = DCF9BA9A20C47C05003C6D04 /* SettingsVC.swift */; };
/* End PBXBuildFile section */

/* Begin PBXFileReference section */
		DC64D9F220B73FAD00DBA7AB /* Journey.app */ = {isa = PBXFileReference; explicitFileType = wrapper.application; includeInIndex = 0; path = Journey.app; sourceTree = BUILT_PRODUCTS_DIR; };
		DC64D9F520B73FAD00DBA7AB /* AppDelegate.swift */ = {isa = PBXFileReference; lastKnownFileType = sourcecode.swift; path = AppDelegate.swift; sourceTree = "<group>"; };
		DC64D9FA20B73FAD00DBA7AB /* Base */ = {isa = PBXFileReference; lastKnownFileType = file.storyboard; name = Base; path = Base.lproj/Main.storyboard; sourceTree = "<group>"; };
		DC64D9FD20B73FAD00DBA7AB /* Journey.xcdatamodel */ = {isa = PBXFileReference; lastKnownFileType = wrapper.xcdatamodel; path = Journey.xcdatamodel; sourceTree = "<group>"; };
		DC64D9FF20B73FAE00DBA7AB /* Assets.xcassets */ = {isa = PBXFileReference; lastKnownFileType = folder.assetcatalog; path = Assets.xcassets; sourceTree = "<group>"; };
		DC64DA0220B73FAE00DBA7AB /* Base */ = {isa = PBXFileReference; lastKnownFileType = file.storyboard; name = Base; path = Base.lproj/LaunchScreen.storyboard; sourceTree = "<group>"; };
		DC64DA0420B73FAE00DBA7AB /* Info.plist */ = {isa = PBXFileReference; lastKnownFileType = text.plist.xml; path = Info.plist; sourceTree = "<group>"; };
		DC91EB4B20B849B700CC31B8 /* IntroductionVC.swift */ = {isa = PBXFileReference; lastKnownFileType = sourcecode.swift; path = IntroductionVC.swift; sourceTree = "<group>"; };
		DC91EB4D20B849CC00CC31B8 /* LoginWithEmailVC.swift */ = {isa = PBXFileReference; lastKnownFileType = sourcecode.swift; path = LoginWithEmailVC.swift; sourceTree = "<group>"; };
		DC91EB5320B8932C00CC31B8 /* JournalVC.swift */ = {isa = PBXFileReference; lastKnownFileType = sourcecode.swift; path = JournalVC.swift; sourceTree = "<group>"; };
		DCC1CA7F20BC73C700D76A65 /* NewUserVC.swift */ = {isa = PBXFileReference; lastKnownFileType = sourcecode.swift; path = NewUserVC.swift; sourceTree = "<group>"; };
		DCF9BA9A20C47C05003C6D04 /* SettingsVC.swift */ = {isa = PBXFileReference; lastKnownFileType = sourcecode.swift; path = SettingsVC.swift; sourceTree = "<group>"; };
/* End PBXFileReference section */

/* Begin PBXFrameworksBuildPhase section */
		DC64D9EF20B73FAD00DBA7AB /* Frameworks */ = {
			isa = PBXFrameworksBuildPhase;
			buildActionMask = 2147483647;
			files = (
			);
			runOnlyForDeploymentPostprocessing = 0;
		};
/* End PBXFrameworksBuildPhase section */

/* Begin PBXGroup section */
		DC64D9E920B73FAD00DBA7AB = {
			isa = PBXGroup;
			children = (
				DC64D9F420B73FAD00DBA7AB /* Journey */,
				DC64D9F320B73FAD00DBA7AB /* Products */,
			);
			sourceTree = "<group>";
		};
		DC64D9F320B73FAD00DBA7AB /* Products */ = {
			isa = PBXGroup;
			children = (
				DC64D9F220B73FAD00DBA7AB /* Journey.app */,
			);
			name = Products;
			sourceTree = "<group>";
		};
		DC64D9F420B73FAD00DBA7AB /* Journey */ = {
			isa = PBXGroup;
			children = (
				DC64DA0420B73FAE00DBA7AB /* Info.plist */,
				DC64D9FF20B73FAE00DBA7AB /* Assets.xcassets */,
				DC64DA0C20B741C000DBA7AB /* Storyboards */,
				DC64DA0A20B741B200DBA7AB /* Coredata */,
				DC64D9F520B73FAD00DBA7AB /* AppDelegate.swift */,
				DCF9BA9C20C484B1003C6D04 /* ViewController */,
			);
			path = Journey;
			sourceTree = "<group>";
		};
		DC64DA0A20B741B200DBA7AB /* Coredata */ = {
			isa = PBXGroup;
			children = (
				DC64D9FC20B73FAD00DBA7AB /* Journey.xcdatamodeld */,
			);
			name = Coredata;
			sourceTree = "<group>";
		};
		DC64DA0C20B741C000DBA7AB /* Storyboards */ = {
			isa = PBXGroup;
			children = (
				DC64D9F920B73FAD00DBA7AB /* Main.storyboard */,
				DC64DA0120B73FAE00DBA7AB /* LaunchScreen.storyboard */,
			);
			name = Storyboards;
			sourceTree = "<group>";
		};
		DCF9BA9C20C484B1003C6D04 /* ViewController */ = {
			isa = PBXGroup;
			children = (
				DC91EB4B20B849B700CC31B8 /* IntroductionVC.swift */,
				DC91EB4D20B849CC00CC31B8 /* LoginWithEmailVC.swift */,
				DC91EB5320B8932C00CC31B8 /* JournalVC.swift */,
				DCC1CA7F20BC73C700D76A65 /* NewUserVC.swift */,
				DCF9BA9A20C47C05003C6D04 /* SettingsVC.swift */,
			);
			name = ViewController;
			sourceTree = "<group>";
		};
/* End PBXGroup section */

/* Begin PBXNativeTarget section */
		DC64D9F120B73FAD00DBA7AB /* Journey */ = {
			isa = PBXNativeTarget;
			buildConfigurationList = DC64DA0720B73FAE00DBA7AB /* Build configuration list for PBXNativeTarget "Journey" */;
			buildPhases = (
				DC64D9EE20B73FAD00DBA7AB /* Sources */,
				DC64D9EF20B73FAD00DBA7AB /* Frameworks */,
				DC64D9F020B73FAD00DBA7AB /* Resources */,
			);
			buildRules = (
			);
			dependencies = (
			);
			name = Journey;
			productName = Journey;
			productReference = DC64D9F220B73FAD00DBA7AB /* Journey.app */;
			productType = "com.apple.product-type.application";
		};
/* End PBXNativeTarget section */

/* Begin PBXProject section */
		DC64D9EA20B73FAD00DBA7AB /* Project object */ = {
			isa = PBXProject;
			attributes = {
				LastSwiftUpdateCheck = 0930;
				LastUpgradeCheck = 0930;
				ORGANIZATIONNAME = "Samuel Beaulieu";
				TargetAttributes = {
					DC64D9F120B73FAD00DBA7AB = {
						CreatedOnToolsVersion = 9.3.1;
					};
				};
			};
			buildConfigurationList = DC64D9ED20B73FAD00DBA7AB /* Build configuration list for PBXProject "Journey" */;
			compatibilityVersion = "Xcode 9.3";
			developmentRegion = en;
			hasScannedForEncodings = 0;
			knownRegions = (
				en,
				Base,
			);
			mainGroup = DC64D9E920B73FAD00DBA7AB;
			productRefGroup = DC64D9F320B73FAD00DBA7AB /* Products */;
			projectDirPath = "";
			projectRoot = "";
			targets = (
				DC64D9F120B73FAD00DBA7AB /* Journey */,
			);
		};
/* End PBXProject section */

/* Begin PBXResourcesBuildPhase section */
		DC64D9F020B73FAD00DBA7AB /* Resources */ = {
			isa = PBXResourcesBuildPhase;
			buildActionMask = 2147483647;
			files = (
				DC64DA0320B73FAE00DBA7AB /* LaunchScreen.storyboard in Resources */,
				DC64DA0020B73FAE00DBA7AB /* Assets.xcassets in Resources */,
				DC64D9FB20B73FAD00DBA7AB /* Main.storyboard in Resources */,
			);
			runOnlyForDeploymentPostprocessing = 0;
		};
/* End PBXResourcesBuildPhase section */

/* Begin PBXSourcesBuildPhase section */
		DC64D9EE20B73FAD00DBA7AB /* Sources */ = {
			isa = PBXSourcesBuildPhase;
			buildActionMask = 2147483647;
			files = (
				DC91EB4C20B849B700CC31B8 /* IntroductionVC.swift in Sources */,
				DC91EB5420B8932C00CC31B8 /* JournalVC.swift in Sources */,
				DC91EB4E20B849CC00CC31B8 /* LoginWithEmailVC.swift in Sources */,
				DC64D9FE20B73FAD00DBA7AB /* Journey.xcdatamodeld in Sources */,
				DCC1CA8020BC73C700D76A65 /* NewUserVC.swift in Sources */,
				DC64D9F620B73FAD00DBA7AB /* AppDelegate.swift in Sources */,
				DCF9BA9B20C47C05003C6D04 /* SettingsVC.swift in Sources */,
			);
			runOnlyForDeploymentPostprocessing = 0;
		};
/* End PBXSourcesBuildPhase section */

/* Begin PBXVariantGroup section */
		DC64D9F920B73FAD00DBA7AB /* Main.storyboard */ = {
			isa = PBXVariantGroup;
			children = (
				DC64D9FA20B73FAD00DBA7AB /* Base */,
			);
			name = Main.storyboard;
			sourceTree = "<group>";
		};
		DC64DA0120B73FAE00DBA7AB /* LaunchScreen.storyboard */ = {
			isa = PBXVariantGroup;
			children = (
				DC64DA0220B73FAE00DBA7AB /* Base */,
			);
			name = LaunchScreen.storyboard;
			sourceTree = "<group>";
		};
/* End PBXVariantGroup section */

/* Begin XCBuildConfiguration section */
		DC64DA0520B73FAE00DBA7AB /* Debug */ = {
			isa = XCBuildConfiguration;
			buildSettings = {
				ALWAYS_SEARCH_USER_PATHS = NO;
				CLANG_ANALYZER_NONNULL = YES;
				CLANG_ANALYZER_NUMBER_OBJECT_CONVERSION = YES_AGGRESSIVE;
				CLANG_CXX_LANGUAGE_STANDARD = "gnu++14";
				CLANG_CXX_LIBRARY = "libc++";
				CLANG_ENABLE_MODULES = YES;
				CLANG_ENABLE_OBJC_ARC = YES;
				CLANG_ENABLE_OBJC_WEAK = YES;
				CLANG_WARN_BLOCK_CAPTURE_AUTORELEASING = YES;
				CLANG_WARN_BOOL_CONVERSION = YES;
				CLANG_WARN_COMMA = YES;
				CLANG_WARN_CONSTANT_CONVERSION = YES;
				CLANG_WARN_DEPRECATED_OBJC_IMPLEMENTATIONS = YES;
				CLANG_WARN_DIRECT_OBJC_ISA_USAGE = YES_ERROR;
				CLANG_WARN_DOCUMENTATION_COMMENTS = YES;
				CLANG_WARN_EMPTY_BODY = YES;
				CLANG_WARN_ENUM_CONVERSION = YES;
				CLANG_WARN_INFINITE_RECURSION = YES;
				CLANG_WARN_INT_CONVERSION = YES;
				CLANG_WARN_NON_LITERAL_NULL_CONVERSION = YES;
				CLANG_WARN_OBJC_IMPLICIT_RETAIN_SELF = YES;
				CLANG_WARN_OBJC_LITERAL_CONVERSION = YES;
				CLANG_WARN_OBJC_ROOT_CLASS = YES_ERROR;
				CLANG_WARN_RANGE_LOOP_ANALYSIS = YES;
				CLANG_WARN_STRICT_PROTOTYPES = YES;
				CLANG_WARN_SUSPICIOUS_MOVE = YES;
				CLANG_WARN_UNGUARDED_AVAILABILITY = YES_AGGRESSIVE;
				CLANG_WARN_UNREACHABLE_CODE = YES;
				CLANG_WARN__DUPLICATE_METHOD_MATCH = YES;
				CODE_SIGN_IDENTITY = "iPhone Developer";
				COPY_PHASE_STRIP = NO;
				DEBUG_INFORMATION_FORMAT = dwarf;
				ENABLE_STRICT_OBJC_MSGSEND = YES;
				ENABLE_TESTABILITY = YES;
				GCC_C_LANGUAGE_STANDARD = gnu11;
				GCC_DYNAMIC_NO_PIC = NO;
				GCC_NO_COMMON_BLOCKS = YES;
				GCC_OPTIMIZATION_LEVEL = 0;
				GCC_PREPROCESSOR_DEFINITIONS = (
					"DEBUG=1",
					"$(inherited)",
				);
				GCC_WARN_64_TO_32_BIT_CONVERSION = YES;
				GCC_WARN_ABOUT_RETURN_TYPE = YES_ERROR;
				GCC_WARN_UNDECLARED_SELECTOR = YES;
				GCC_WARN_UNINITIALIZED_AUTOS = YES_AGGRESSIVE;
				GCC_WARN_UNUSED_FUNCTION = YES;
				GCC_WARN_UNUSED_VARIABLE = YES;
				IPHONEOS_DEPLOYMENT_TARGET = 11.3;
				MTL_ENABLE_DEBUG_INFO = YES;
				ONLY_ACTIVE_ARCH = YES;
				SDKROOT = iphoneos;
				SWIFT_ACTIVE_COMPILATION_CONDITIONS = DEBUG;
				SWIFT_OPTIMIZATION_LEVEL = "-Onone";
			};
			name = Debug;
		};
		DC64DA0620B73FAE00DBA7AB /* Release */ = {
			isa = XCBuildConfiguration;
			buildSettings = {
				ALWAYS_SEARCH_USER_PATHS = NO;
				CLANG_ANALYZER_NONNULL = YES;
				CLANG_ANALYZER_NUMBER_OBJECT_CONVERSION = YES_AGGRESSIVE;
				CLANG_CXX_LANGUAGE_STANDARD = "gnu++14";
				CLANG_CXX_LIBRARY = "libc++";
				CLANG_ENABLE_MODULES = YES;
				CLANG_ENABLE_OBJC_ARC = YES;
				CLANG_ENABLE_OBJC_WEAK = YES;
				CLANG_WARN_BLOCK_CAPTURE_AUTORELEASING = YES;
				CLANG_WARN_BOOL_CONVERSION = YES;
				CLANG_WARN_COMMA = YES;
				CLANG_WARN_CONSTANT_CONVERSION = YES;
				CLANG_WARN_DEPRECATED_OBJC_IMPLEMENTATIONS = YES;
				CLANG_WARN_DIRECT_OBJC_ISA_USAGE = YES_ERROR;
				CLANG_WARN_DOCUMENTATION_COMMENTS = YES;
				CLANG_WARN_EMPTY_BODY = YES;
				CLANG_WARN_ENUM_CONVERSION = YES;
				CLANG_WARN_INFINITE_RECURSION = YES;
				CLANG_WARN_INT_CONVERSION = YES;
				CLANG_WARN_NON_LITERAL_NULL_CONVERSION = YES;
				CLANG_WARN_OBJC_IMPLICIT_RETAIN_SELF = YES;
				CLANG_WARN_OBJC_LITERAL_CONVERSION = YES;
				CLANG_WARN_OBJC_ROOT_CLASS = YES_ERROR;
				CLANG_WARN_RANGE_LOOP_ANALYSIS = YES;
				CLANG_WARN_STRICT_PROTOTYPES = YES;
				CLANG_WARN_SUSPICIOUS_MOVE = YES;
				CLANG_WARN_UNGUARDED_AVAILABILITY = YES_AGGRESSIVE;
				CLANG_WARN_UNREACHABLE_CODE = YES;
				CLANG_WARN__DUPLICATE_METHOD_MATCH = YES;
				CODE_SIGN_IDENTITY = "iPhone Developer";
				COPY_PHASE_STRIP = NO;
				DEBUG_INFORMATION_FORMAT = "dwarf-with-dsym";
				ENABLE_NS_ASSERTIONS = NO;
				ENABLE_STRICT_OBJC_MSGSEND = YES;
				GCC_C_LANGUAGE_STANDARD = gnu11;
				GCC_NO_COMMON_BLOCKS = YES;
				GCC_WARN_64_TO_32_BIT_CONVERSION = YES;
				GCC_WARN_ABOUT_RETURN_TYPE = YES_ERROR;
				GCC_WARN_UNDECLARED_SELECTOR = YES;
				GCC_WARN_UNINITIALIZED_AUTOS = YES_AGGRESSIVE;
				GCC_WARN_UNUSED_FUNCTION = YES;
				GCC_WARN_UNUSED_VARIABLE = YES;
				IPHONEOS_DEPLOYMENT_TARGET = 11.3;
				MTL_ENABLE_DEBUG_INFO = NO;
				SDKROOT = iphoneos;
				SWIFT_COMPILATION_MODE = wholemodule;
				SWIFT_OPTIMIZATION_LEVEL = "-O";
				VALIDATE_PRODUCT = YES;
			};
			name = Release;
		};
		DC64DA0820B73FAE00DBA7AB /* Debug */ = {
			isa = XCBuildConfiguration;
			buildSettings = {
				ASSETCATALOG_COMPILER_APPICON_NAME = AppIcon;
				CODE_SIGN_STYLE = Automatic;
				DEVELOPMENT_TEAM = Q4VWK733SP;
				INFOPLIST_FILE = Journey/Info.plist;
				LD_RUNPATH_SEARCH_PATHS = (
					"$(inherited)",
					"@executable_path/Frameworks",
				);
				PRODUCT_BUNDLE_IDENTIFIER = ca.samuelbeaulieu.journey;
				PRODUCT_NAME = "$(TARGET_NAME)";
				SWIFT_VERSION = 4.0;
				TARGETED_DEVICE_FAMILY = 1;
			};
			name = Debug;
		};
		DC64DA0920B73FAE00DBA7AB /* Release */ = {
			isa = XCBuildConfiguration;
			buildSettings = {
				ASSETCATALOG_COMPILER_APPICON_NAME = AppIcon;
				CODE_SIGN_STYLE = Automatic;
				DEVELOPMENT_TEAM = Q4VWK733SP;
				INFOPLIST_FILE = Journey/Info.plist;
				LD_RUNPATH_SEARCH_PATHS = (
					"$(inherited)",
					"@executable_path/Frameworks",
				);
				PRODUCT_BUNDLE_IDENTIFIER = ca.samuelbeaulieu.journey;
				PRODUCT_NAME = "$(TARGET_NAME)";
				SWIFT_VERSION = 4.0;
				TARGETED_DEVICE_FAMILY = 1;
			};
			name = Release;
		};
/* End XCBuildConfiguration section */

/* Begin XCConfigurationList section */
		DC64D9ED20B73FAD00DBA7AB /* Build configuration list for PBXProject "Journey" */ = {
			isa = XCConfigurationList;
			buildConfigurations = (
				DC64DA0520B73FAE00DBA7AB /* Debug */,
				DC64DA0620B73FAE00DBA7AB /* Release */,
			);
			defaultConfigurationIsVisible = 0;
			defaultConfigurationName = Release;
		};
		DC64DA0720B73FAE00DBA7AB /* Build configuration list for PBXNativeTarget "Journey" */ = {
			isa = XCConfigurationList;
			buildConfigurations = (
				DC64DA0820B73FAE00DBA7AB /* Debug */,
				DC64DA0920B73FAE00DBA7AB /* Release */,
			);
			defaultConfigurationIsVisible = 0;
			defaultConfigurationName = Release;
		};
/* End XCConfigurationList section */

/* Begin XCVersionGroup section */
		DC64D9FC20B73FAD00DBA7AB /* Journey.xcdatamodeld */ = {
			isa = XCVersionGroup;
			children = (
				DC64D9FD20B73FAD00DBA7AB /* Journey.xcdatamodel */,
			);
			currentVersion = DC64D9FD20B73FAD00DBA7AB /* Journey.xcdatamodel */;
			path = Journey.xcdatamodeld;
			sourceTree = "<group>";
			versionGroupType = wrapper.xcdatamodel;
		};
/* End XCVersionGroup section */
	};
	rootObject = DC64D9EA20B73FAD00DBA7AB /* Project object */;
}
